
Microsoft Visual Studio Solution File, Format Version 12.00
# Visual Studio Version 17
VisualStudioVersion = 17.7.34031.279
MinimumVisualStudioVersion = 10.0.40219.1
Project("{9A19103F-16F7-4668-BE54-9A1E7A4F7556}") = "Data", "Data\Data.csproj", "{B5939D46-36C7-48E4-BC3D-09F470A83A5F}"
EndProject
Project("{9A19103F-16F7-4668-BE54-9A1E7A4F7556}") = "Core", "Core\Core.csproj", "{5A3BEAC5-A694-477E-A932-81820CDEE1C1}"
EndProject
Project("{9A19103F-16F7-4668-BE54-9A1E7A4F7556}") = "DeveloperExerciseApi", "DeveloperExerciseApi\DeveloperExerciseApi.csproj", "{5B12A7E8-441E-4CC1-A42C-6A044824BBB8}"
EndProject
Project("{FAE04EC0-301F-11D3-BF4B-00C04F79EFBC}") = "DeveloperExercise.UnitTest", "DeveloperExercise.UnitTest\DeveloperExercise.UnitTest.csproj", "{2B745640-ADAE-4ADF-9EF0-32D47C6F4CB4}"
EndProject
Global
	GlobalSection(SolutionConfigurationPlatforms) = preSolution
		Debug|Any CPU = Debug|Any CPU
		Release|Any CPU = Release|Any CPU
	EndGlobalSection
	GlobalSection(ProjectConfigurationPlatforms) = postSolution
		{B5939D46-36C7-48E4-BC3D-09F470A83A5F}.Debug|Any CPU.ActiveCfg = Debug|Any CPU
		{B5939D46-36C7-48E4-BC3D-09F470A83A5F}.Debug|Any CPU.Build.0 = Debug|Any CPU
		{B5939D46-36C7-48E4-BC3D-09F470A83A5F}.Release|Any CPU.ActiveCfg = Release|Any CPU
		{B5939D46-36C7-48E4-BC3D-09F470A83A5F}.Release|Any CPU.Build.0 = Release|Any CPU
		{5A3BEAC5-A694-477E-A932-81820CDEE1C1}.Debug|Any CPU.ActiveCfg = Debug|Any CPU
		{5A3BEAC5-A694-477E-A932-81820CDEE1C1}.Debug|Any CPU.Build.0 = Debug|Any CPU
		{5A3BEAC5-A694-477E-A932-81820CDEE1C1}.Release|Any CPU.ActiveCfg = Release|Any CPU
		{5A3BEAC5-A694-477E-A932-81820CDEE1C1}.Release|Any CPU.Build.0 = Release|Any CPU
		{5B12A7E8-441E-4CC1-A42C-6A044824BBB8}.Debug|Any CPU.ActiveCfg = Debug|Any CPU
		{5B12A7E8-441E-4CC1-A42C-6A044824BBB8}.Debug|Any CPU.Build.0 = Debug|Any CPU
		{5B12A7E8-441E-4CC1-A42C-6A044824BBB8}.Release|Any CPU.ActiveCfg = Release|Any CPU
		{5B12A7E8-441E-4CC1-A42C-6A044824BBB8}.Release|Any CPU.Build.0 = Release|Any CPU
		{2B745640-ADAE-4ADF-9EF0-32D47C6F4CB4}.Debug|Any CPU.ActiveCfg = Debug|Any CPU
		{2B745640-ADAE-4ADF-9EF0-32D47C6F4CB4}.Debug|Any CPU.Build.0 = Debug|Any CPU
		{2B745640-ADAE-4ADF-9EF0-32D47C6F4CB4}.Release|Any CPU.ActiveCfg = Release|Any CPU
		{2B745640-ADAE-4ADF-9EF0-32D47C6F4CB4}.Release|Any CPU.Build.0 = Release|Any CPU
	EndGlobalSection
	GlobalSection(SolutionProperties) = preSolution
		HideSolutionNode = FALSE
	EndGlobalSection
	GlobalSection(ExtensibilityGlobals) = postSolution
		SolutionGuid = {FB8592D9-2B36-44BB-B7F7-25A39CDBE844}
	EndGlobalSection
EndGlobal
